
Microsoft Visual Studio Solution File, Format Version 12.00
# Visual Studio Version 16
VisualStudioVersion = 16.0.31112.23
MinimumVisualStudioVersion = 10.0.40219.1
Project("{FAE04EC0-301F-11D3-BF4B-00C04F79EFBC}") = "ReadValue", "ReadValue\ReadValue.csproj", "{CCDF8FC4-6207-4C2A-970B-2AC9793754F7}"
EndProject
Global
	GlobalSection(SolutionConfigurationPlatforms) = preSolution
		Debug|Any CPU = Debug|Any CPU
		Release|Any CPU = Release|Any CPU
	EndGlobalSection
	GlobalSection(ProjectConfigurationPlatforms) = postSolution
		{CCDF8FC4-6207-4C2A-970B-2AC9793754F7}.Debug|Any CPU.ActiveCfg = Debug|Any CPU
		{CCDF8FC4-6207-4C2A-970B-2AC9793754F7}.Debug|Any CPU.Build.0 = Debug|Any CPU
		{CCDF8FC4-6207-4C2A-970B-2AC9793754F7}.Release|Any CPU.ActiveCfg = Release|Any CPU
		{CCDF8FC4-6207-4C2A-970B-2AC9793754F7}.Release|Any CPU.Build.0 = Release|Any CPU
	EndGlobalSection
	GlobalSection(SolutionProperties) = preSolution
		HideSolutionNode = FALSE
	EndGlobalSection
	GlobalSection(ExtensibilityGlobals) = postSolution
		SolutionGuid = {C8D5955C-A1F1-4C0A-930A-28E56C0C9B76}
	EndGlobalSection
EndGlobal
