
Microsoft Visual Studio Solution File, Format Version 12.00
# Visual Studio Version 16
VisualStudioVersion = 16.0.31112.23
MinimumVisualStudioVersion = 10.0.40219.1
Project("{FAE04EC0-301F-11D3-BF4B-00C04F79EFBC}") = "MethodOverloadingExample", "MethodOverloadingExample\MethodOverloadingExample.csproj", "{AB73C5B3-6D48-4A95-8837-32AC71C06C3F}"
EndProject
Global
	GlobalSection(SolutionConfigurationPlatforms) = preSolution
		Debug|Any CPU = Debug|Any CPU
		Release|Any CPU = Release|Any CPU
	EndGlobalSection
	GlobalSection(ProjectConfigurationPlatforms) = postSolution
		{AB73C5B3-6D48-4A95-8837-32AC71C06C3F}.Debug|Any CPU.ActiveCfg = Debug|Any CPU
		{AB73C5B3-6D48-4A95-8837-32AC71C06C3F}.Debug|Any CPU.Build.0 = Debug|Any CPU
		{AB73C5B3-6D48-4A95-8837-32AC71C06C3F}.Release|Any CPU.ActiveCfg = Release|Any CPU
		{AB73C5B3-6D48-4A95-8837-32AC71C06C3F}.Release|Any CPU.Build.0 = Release|Any CPU
	EndGlobalSection
	GlobalSection(SolutionProperties) = preSolution
		HideSolutionNode = FALSE
	EndGlobalSection
	GlobalSection(ExtensibilityGlobals) = postSolution
		SolutionGuid = {DFF19EDA-1FD7-444C-8C15-1189722774E4}
	EndGlobalSection
EndGlobal
